Microsoft Visual Studio Solution File, Format Version 12.00
# Visual Studio Version 16
VisualStudioVersion = 16.0.0.0
MinimumVisualStudioVersion = 16.0.0.0
Project("{9A19103F-16F7-4668-BE54-9A1E7A4F7556}") = "blazorHub.Server", "Server\blazorHub.Server.csproj", "{781AE31F-7D6F-40B0-A01F-90342C14554C}"
EndProject
Project("{9A19103F-16F7-4668-BE54-9A1E7A4F7556}") = "blazorHub.Client", "Client\blazorHub.Client.csproj", "{052A532E-7ED6-45A3-B216-AEDF009A5099}"
EndProject
Project("{9A19103F-16F7-4668-BE54-9A1E7A4F7556}") = "blazorHub.Shared", "Shared\blazorHub.Shared.csproj", "{0A72D5F3-61C7-4F63-9693-D3B979DA4171}"
EndProject
Global
	GlobalSection(SolutionConfigurationPlatforms) = preSolution
		Debug|Any CPU = Debug|Any CPU
		Debug|x64 = Debug|x64
		Debug|x86 = Debug|x86
		Release|Any CPU = Release|Any CPU
		Release|x64 = Release|x64
		Release|x86 = Release|x86
	EndGlobalSection
	GlobalSection(ProjectConfigurationPlatforms) = postSolution
		{052A532E-7ED6-45A3-B216-AEDF009A5099}.Debug|Any CPU.ActiveCfg = Debug|Any CPU
		{052A532E-7ED6-45A3-B216-AEDF009A5099}.Debug|Any CPU.Build.0 = Debug|Any CPU
		{052A532E-7ED6-45A3-B216-AEDF009A5099}.Debug|x64.ActiveCfg = Debug|Any CPU
		{052A532E-7ED6-45A3-B216-AEDF009A5099}.Debug|x64.Build.0 = Debug|Any CPU
		{052A532E-7ED6-45A3-B216-AEDF009A5099}.Debug|x86.ActiveCfg = Debug|Any CPU
		{052A532E-7ED6-45A3-B216-AEDF009A5099}.Debug|x86.Build.0 = Debug|Any CPU
		{052A532E-7ED6-45A3-B216-AEDF009A5099}.Release|Any CPU.ActiveCfg = Release|Any CPU
		{052A532E-7ED6-45A3-B216-AEDF009A5099}.Release|Any CPU.Build.0 = Release|Any CPU
		{052A532E-7ED6-45A3-B216-AEDF009A5099}.Release|x64.ActiveCfg = Release|Any CPU
		{052A532E-7ED6-45A3-B216-AEDF009A5099}.Release|x64.Build.0 = Release|Any CPU
		{052A532E-7ED6-45A3-B216-AEDF009A5099}.Release|x86.ActiveCfg = Release|Any CPU
		{052A532E-7ED6-45A3-B216-AEDF009A5099}.Release|x86.Build.0 = Release|Any CPU
		{781AE31F-7D6F-40B0-A01F-90342C14554C}.Debug|Any CPU.ActiveCfg = Debug|Any CPU
		{781AE31F-7D6F-40B0-A01F-90342C14554C}.Debug|Any CPU.Build.0 = Debug|Any CPU
		{781AE31F-7D6F-40B0-A01F-90342C14554C}.Debug|x64.ActiveCfg = Debug|Any CPU
		{781AE31F-7D6F-40B0-A01F-90342C14554C}.Debug|x64.Build.0 = Debug|Any CPU
		{781AE31F-7D6F-40B0-A01F-90342C14554C}.Debug|x86.ActiveCfg = Debug|Any CPU
		{781AE31F-7D6F-40B0-A01F-90342C14554C}.Debug|x86.Build.0 = Debug|Any CPU
		{781AE31F-7D6F-40B0-A01F-90342C14554C}.Release|Any CPU.ActiveCfg = Release|Any CPU
		{781AE31F-7D6F-40B0-A01F-90342C14554C}.Release|Any CPU.Build.0 = Release|Any CPU
		{781AE31F-7D6F-40B0-A01F-90342C14554C}.Release|x64.ActiveCfg = Release|Any CPU
		{781AE31F-7D6F-40B0-A01F-90342C14554C}.Release|x64.Build.0 = Release|Any CPU
		{781AE31F-7D6F-40B0-A01F-90342C14554C}.Release|x86.ActiveCfg = Release|Any CPU
		{781AE31F-7D6F-40B0-A01F-90342C14554C}.Release|x86.Build.0 = Release|Any CPU
		{0A72D5F3-61C7-4F63-9693-D3B979DA4171}.Debug|Any CPU.ActiveCfg = Debug|Any CPU
		{0A72D5F3-61C7-4F63-9693-D3B979DA4171}.Debug|Any CPU.Build.0 = Debug|Any CPU
		{0A72D5F3-61C7-4F63-9693-D3B979DA4171}.Debug|x64.ActiveCfg = Debug|Any CPU
		{0A72D5F3-61C7-4F63-9693-D3B979DA4171}.Debug|x64.Build.0 = Debug|Any CPU
		{0A72D5F3-61C7-4F63-9693-D3B979DA4171}.Debug|x86.ActiveCfg = Debug|Any CPU
		{0A72D5F3-61C7-4F63-9693-D3B979DA4171}.Debug|x86.Build.0 = Debug|Any CPU
		{0A72D5F3-61C7-4F63-9693-D3B979DA4171}.Release|Any CPU.ActiveCfg = Release|Any CPU
		{0A72D5F3-61C7-4F63-9693-D3B979DA4171}.Release|Any CPU.Build.0 = Release|Any CPU
		{0A72D5F3-61C7-4F63-9693-D3B979DA4171}.Release|x64.ActiveCfg = Release|Any CPU
		{0A72D5F3-61C7-4F63-9693-D3B979DA4171}.Release|x64.Build.0 = Release|Any CPU
		{0A72D5F3-61C7-4F63-9693-D3B979DA4171}.Release|x86.ActiveCfg = Release|Any CPU
		{0A72D5F3-61C7-4F63-9693-D3B979DA4171}.Release|x86.Build.0 = Release|Any CPU
	EndGlobalSection
	GlobalSection(SolutionProperties) = preSolution
		HideSolutionNode = FALSE
	EndGlobalSection
	GlobalSection(ExtensibilityGlobals) = postSolution
		SolutionGuid = {FC15D809-B75E-464A-9950-252145E58BAB}
	EndGlobalSection
EndGlobal